
Microsoft Visual Studio Solution File, Format Version 12.00
# Visual Studio 15
VisualStudioVersion = 15.0.28307.168
MinimumVisualStudioVersion = 10.0.40219.1
Project("{FAE04EC0-301F-11D3-BF4B-00C04F79EFBC}") = "MyMaaser.web", "MyMaaser.web\MyMaaser.web.csproj", "{3ECB751D-F217-4874-8DDD-298FEF3D3111}"
EndProject
Project("{FAE04EC0-301F-11D3-BF4B-00C04F79EFBC}") = "MyMaaser.data", "MyMaaser.data\MyMaaser.data.csproj", "{22FEF845-C142-4A4C-A39F-18CC2F5FC023}"
EndProject
Global
	GlobalSection(SolutionConfigurationPlatforms) = preSolution
		Debug|Any CPU = Debug|Any CPU
		Release|Any CPU = Release|Any CPU
	EndGlobalSection
	GlobalSection(ProjectConfigurationPlatforms) = postSolution
		{3ECB751D-F217-4874-8DDD-298FEF3D3111}.Debug|Any CPU.ActiveCfg = Debug|Any CPU
		{3ECB751D-F217-4874-8DDD-298FEF3D3111}.Debug|Any CPU.Build.0 = Debug|Any CPU
		{3ECB751D-F217-4874-8DDD-298FEF3D3111}.Release|Any CPU.ActiveCfg = Release|Any CPU
		{3ECB751D-F217-4874-8DDD-298FEF3D3111}.Release|Any CPU.Build.0 = Release|Any CPU
		{22FEF845-C142-4A4C-A39F-18CC2F5FC023}.Debug|Any CPU.ActiveCfg = Debug|Any CPU
		{22FEF845-C142-4A4C-A39F-18CC2F5FC023}.Debug|Any CPU.Build.0 = Debug|Any CPU
		{22FEF845-C142-4A4C-A39F-18CC2F5FC023}.Release|Any CPU.ActiveCfg = Release|Any CPU
		{22FEF845-C142-4A4C-A39F-18CC2F5FC023}.Release|Any CPU.Build.0 = Release|Any CPU
	EndGlobalSection
	GlobalSection(SolutionProperties) = preSolution
		HideSolutionNode = FALSE
	EndGlobalSection
	GlobalSection(ExtensibilityGlobals) = postSolution
		SolutionGuid = {6A16D312-C3BB-4DF6-BF34-FD91CCFA17F8}
	EndGlobalSection
EndGlobal
